
Microsoft Visual Studio Solution File, Format Version 12.00
# Visual Studio Version 17
VisualStudioVersion = 17.9.34622.214
MinimumVisualStudioVersion = 10.0.40219.1
Project("{9A19103F-16F7-4668-BE54-9A1E7A4F7556}") = "Bai1", "Bai1\Bai1.csproj", "{3AD2CE0D-EC86-42CE-B955-71742BE8EBA8}"
EndProject
Project("{9A19103F-16F7-4668-BE54-9A1E7A4F7556}") = "Bai2", "Bai2\Bai2.csproj", "{1E87D638-DFC2-4C3B-9C2B-AB8D6C969DC0}"
EndProject
Project("{9A19103F-16F7-4668-BE54-9A1E7A4F7556}") = "Bai3", "Bai3\Bai3.csproj", "{A6E6EB17-C42B-44E3-9EDC-78F8EF5FBEFB}"
EndProject
Project("{FAE04EC0-301F-11D3-BF4B-00C04F79EFBC}") = "Bai4", "Bai4\Bai4.csproj", "{C66E419B-F8DF-4AA6-8E8D-955453141016}"
EndProject
Global
	GlobalSection(SolutionConfigurationPlatforms) = preSolution
		Debug|Any CPU = Debug|Any CPU
		Release|Any CPU = Release|Any CPU
	EndGlobalSection
	GlobalSection(ProjectConfigurationPlatforms) = postSolution
		{3AD2CE0D-EC86-42CE-B955-71742BE8EBA8}.Debug|Any CPU.ActiveCfg = Debug|Any CPU
		{3AD2CE0D-EC86-42CE-B955-71742BE8EBA8}.Debug|Any CPU.Build.0 = Debug|Any CPU
		{3AD2CE0D-EC86-42CE-B955-71742BE8EBA8}.Release|Any CPU.ActiveCfg = Release|Any CPU
		{3AD2CE0D-EC86-42CE-B955-71742BE8EBA8}.Release|Any CPU.Build.0 = Release|Any CPU
		{1E87D638-DFC2-4C3B-9C2B-AB8D6C969DC0}.Debug|Any CPU.ActiveCfg = Debug|Any CPU
		{1E87D638-DFC2-4C3B-9C2B-AB8D6C969DC0}.Debug|Any CPU.Build.0 = Debug|Any CPU
		{1E87D638-DFC2-4C3B-9C2B-AB8D6C969DC0}.Release|Any CPU.ActiveCfg = Release|Any CPU
		{1E87D638-DFC2-4C3B-9C2B-AB8D6C969DC0}.Release|Any CPU.Build.0 = Release|Any CPU
		{A6E6EB17-C42B-44E3-9EDC-78F8EF5FBEFB}.Debug|Any CPU.ActiveCfg = Debug|Any CPU
		{A6E6EB17-C42B-44E3-9EDC-78F8EF5FBEFB}.Debug|Any CPU.Build.0 = Debug|Any CPU
		{A6E6EB17-C42B-44E3-9EDC-78F8EF5FBEFB}.Release|Any CPU.ActiveCfg = Release|Any CPU
		{A6E6EB17-C42B-44E3-9EDC-78F8EF5FBEFB}.Release|Any CPU.Build.0 = Release|Any CPU
		{C66E419B-F8DF-4AA6-8E8D-955453141016}.Debug|Any CPU.ActiveCfg = Debug|Any CPU
		{C66E419B-F8DF-4AA6-8E8D-955453141016}.Debug|Any CPU.Build.0 = Debug|Any CPU
		{C66E419B-F8DF-4AA6-8E8D-955453141016}.Release|Any CPU.ActiveCfg = Release|Any CPU
		{C66E419B-F8DF-4AA6-8E8D-955453141016}.Release|Any CPU.Build.0 = Release|Any CPU
	EndGlobalSection
	GlobalSection(SolutionProperties) = preSolution
		HideSolutionNode = FALSE
	EndGlobalSection
	GlobalSection(ExtensibilityGlobals) = postSolution
		SolutionGuid = {A0384B2D-7DD0-42AD-887C-43AD8DB44BB4}
	EndGlobalSection
EndGlobal
